// !$*UTF8*$!
{
	archiveVersion = 1;
	classes = {
	};
	objectVersion = 55;
	objects = {

/* Begin PBXBuildFile section */
		E67D02B22797C6C20067F27A /* NewReleaseCollectionViewCell.swift in Sources */ = {isa = PBXBuildFile; fileRef = E67D02B12797C6C20067F27A /* NewReleaseCollectionViewCell.swift */; };
		E67D02B42797C6D90067F27A /* FeaturedPlaylistCollectionViewCell.swift in Sources */ = {isa = PBXBuildFile; fileRef = E67D02B32797C6D90067F27A /* FeaturedPlaylistCollectionViewCell.swift */; };
		E67D02B62797C6EC0067F27A /* RecommendedTrackCollectionViewCell.swift in Sources */ = {isa = PBXBuildFile; fileRef = E67D02B52797C6EC0067F27A /* RecommendedTrackCollectionViewCell.swift */; };
		E67D02B82797CE880067F27A /* NewReleaseCellViewModel.swift in Sources */ = {isa = PBXBuildFile; fileRef = E67D02B72797CE880067F27A /* NewReleaseCellViewModel.swift */; };
		E69B1EC42795CF34001BFED7 /* AppDelegate.swift in Sources */ = {isa = PBXBuildFile; fileRef = E69B1EC32795CF34001BFED7 /* AppDelegate.swift */; };
		E69B1EC82795CF34001BFED7 /* HomeViewController.swift in Sources */ = {isa = PBXBuildFile; fileRef = E69B1EC72795CF34001BFED7 /* HomeViewController.swift */; };
		E69B1ECD2795CF36001BFED7 /* Assets.xcassets in Resources */ = {isa = PBXBuildFile; fileRef = E69B1ECC2795CF36001BFED7 /* Assets.xcassets */; };
		E69B1ED02795CF36001BFED7 /* LaunchScreen.storyboard in Resources */ = {isa = PBXBuildFile; fileRef = E69B1ECE2795CF36001BFED7 /* LaunchScreen.storyboard */; };
		E69B1EDE2795D3EF001BFED7 /* TabBarViewController.swift in Sources */ = {isa = PBXBuildFile; fileRef = E69B1EDD2795D3EF001BFED7 /* TabBarViewController.swift */; };
		E69B1EE12795D4B2001BFED7 /* SearchViewController.swift in Sources */ = {isa = PBXBuildFile; fileRef = E69B1EE02795D4B2001BFED7 /* SearchViewController.swift */; };
		E69B1EE32795D4BB001BFED7 /* LibraryViewController.swift in Sources */ = {isa = PBXBuildFile; fileRef = E69B1EE22795D4BB001BFED7 /* LibraryViewController.swift */; };
		E69B1EE62795D4CB001BFED7 /* AuthViewController.swift in Sources */ = {isa = PBXBuildFile; fileRef = E69B1EE52795D4CB001BFED7 /* AuthViewController.swift */; };
		E69B1EE82795D4E3001BFED7 /* WelcomeViewController.swift in Sources */ = {isa = PBXBuildFile; fileRef = E69B1EE72795D4E3001BFED7 /* WelcomeViewController.swift */; };
		E69B1EEA2795D4F3001BFED7 /* SettingsViewController.swift in Sources */ = {isa = PBXBuildFile; fileRef = E69B1EE92795D4F3001BFED7 /* SettingsViewController.swift */; };
		E69B1EEC2795D4FF001BFED7 /* ProfileViewController.swift in Sources */ = {isa = PBXBuildFile; fileRef = E69B1EEB2795D4FF001BFED7 /* ProfileViewController.swift */; };
		E69B1EEE2795D505001BFED7 /* PlayerViewController.swift in Sources */ = {isa = PBXBuildFile; fileRef = E69B1EED2795D505001BFED7 /* PlayerViewController.swift */; };
		E69B1EF02795D50B001BFED7 /* PlaylistViewController.swift in Sources */ = {isa = PBXBuildFile; fileRef = E69B1EEF2795D50B001BFED7 /* PlaylistViewController.swift */; };
		E69B1EF22795D54D001BFED7 /* SearchResultsViewController.swift in Sources */ = {isa = PBXBuildFile; fileRef = E69B1EF12795D54D001BFED7 /* SearchResultsViewController.swift */; };
		E69B1EF52795D571001BFED7 /* AuthManager.swift in Sources */ = {isa = PBXBuildFile; fileRef = E69B1EF42795D571001BFED7 /* AuthManager.swift */; };
		E69B1EF72795D65D001BFED7 /* APICaller.swift in Sources */ = {isa = PBXBuildFile; fileRef = E69B1EF62795D65D001BFED7 /* APICaller.swift */; };
		E69B1EF92795D667001BFED7 /* HapticsManager.swift in Sources */ = {isa = PBXBuildFile; fileRef = E69B1EF82795D667001BFED7 /* HapticsManager.swift */; };
		E69B1EFB2795D717001BFED7 /* Playlist.swift in Sources */ = {isa = PBXBuildFile; fileRef = E69B1EFA2795D717001BFED7 /* Playlist.swift */; };
		E69B1EFD2795D720001BFED7 /* AudioTrack.swift in Sources */ = {isa = PBXBuildFile; fileRef = E69B1EFC2795D720001BFED7 /* AudioTrack.swift */; };
		E69B1EFF2795D72D001BFED7 /* Artist.swift in Sources */ = {isa = PBXBuildFile; fileRef = E69B1EFE2795D72D001BFED7 /* Artist.swift */; };
		E69B1F012795D734001BFED7 /* UserProfile.swift in Sources */ = {isa = PBXBuildFile; fileRef = E69B1F002795D734001BFED7 /* UserProfile.swift */; };
		E6A156EF27972D0900ADC47A /* NewReleasesResponse.swift in Sources */ = {isa = PBXBuildFile; fileRef = E6A156EE27972D0900ADC47A /* NewReleasesResponse.swift */; };
		E6A156F127972EF000ADC47A /* APIImage.swift in Sources */ = {isa = PBXBuildFile; fileRef = E6A156F027972EF000ADC47A /* APIImage.swift */; };
		E6A156F32797311F00ADC47A /* FeaturedPlaylistsResponse.swift in Sources */ = {isa = PBXBuildFile; fileRef = E6A156F22797311F00ADC47A /* FeaturedPlaylistsResponse.swift */; };
		E6A156F5279734E800ADC47A /* AvalableGenreSeedsResponse.swift in Sources */ = {isa = PBXBuildFile; fileRef = E6A156F4279734E800ADC47A /* AvalableGenreSeedsResponse.swift */; };
		E6A156F72797389F00ADC47A /* RecommendationsRepsonse.swift in Sources */ = {isa = PBXBuildFile; fileRef = E6A156F62797389F00ADC47A /* RecommendationsRepsonse.swift */; };
		E6C5989527964DB8007A6321 /* AuthResponse.swift in Sources */ = {isa = PBXBuildFile; fileRef = E6C5989427964DB8007A6321 /* AuthResponse.swift */; };
		E6C5989727967017007A6321 /* SettingsModels.swift in Sources */ = {isa = PBXBuildFile; fileRef = E6C5989627967017007A6321 /* SettingsModels.swift */; };
		E6C5989A27968155007A6321 /* SDWebImage in Frameworks */ = {isa = PBXBuildFile; productRef = E6C5989927968155007A6321 /* SDWebImage */; };
/* End PBXBuildFile section */

/* Begin PBXFileReference section */
		E67D02B12797C6C20067F27A /* NewReleaseCollectionViewCell.swift */ = {isa = PBXFileReference; lastKnownFileType = sourcecode.swift; path = NewReleaseCollectionViewCell.swift; sourceTree = "<group>"; };
		E67D02B32797C6D90067F27A /* FeaturedPlaylistCollectionViewCell.swift */ = {isa = PBXFileReference; lastKnownFileType = sourcecode.swift; path = FeaturedPlaylistCollectionViewCell.swift; sourceTree = "<group>"; };
		E67D02B52797C6EC0067F27A /* RecommendedTrackCollectionViewCell.swift */ = {isa = PBXFileReference; lastKnownFileType = sourcecode.swift; path = RecommendedTrackCollectionViewCell.swift; sourceTree = "<group>"; };
		E67D02B72797CE880067F27A /* NewReleaseCellViewModel.swift */ = {isa = PBXFileReference; lastKnownFileType = sourcecode.swift; path = NewReleaseCellViewModel.swift; sourceTree = "<group>"; };
		E69B1EC02795CF34001BFED7 /* Spotify Clone.app */ = {isa = PBXFileReference; explicitFileType = wrapper.application; includeInIndex = 0; path = "Spotify Clone.app"; sourceTree = BUILT_PRODUCTS_DIR; };
		E69B1EC32795CF34001BFED7 /* AppDelegate.swift */ = {isa = PBXFileReference; lastKnownFileType = sourcecode.swift; path = AppDelegate.swift; sourceTree = "<group>"; };
		E69B1EC72795CF34001BFED7 /* HomeViewController.swift */ = {isa = PBXFileReference; lastKnownFileType = sourcecode.swift; path = HomeViewController.swift; sourceTree = "<group>"; };
		E69B1ECC2795CF36001BFED7 /* Assets.xcassets */ = {isa = PBXFileReference; lastKnownFileType = folder.assetcatalog; path = Assets.xcassets; sourceTree = "<group>"; };
		E69B1ECF2795CF36001BFED7 /* Base */ = {isa = PBXFileReference; lastKnownFileType = file.storyboard; name = Base; path = Base.lproj/LaunchScreen.storyboard; sourceTree = "<group>"; };
		E69B1ED12795CF36001BFED7 /* Info.plist */ = {isa = PBXFileReference; lastKnownFileType = text.plist.xml; path = Info.plist; sourceTree = "<group>"; };
		E69B1EDD2795D3EF001BFED7 /* TabBarViewController.swift */ = {isa = PBXFileReference; lastKnownFileType = sourcecode.swift; path = TabBarViewController.swift; sourceTree = "<group>"; };
		E69B1EE02795D4B2001BFED7 /* SearchViewController.swift */ = {isa = PBXFileReference; lastKnownFileType = sourcecode.swift; path = SearchViewController.swift; sourceTree = "<group>"; };
		E69B1EE22795D4BB001BFED7 /* LibraryViewController.swift */ = {isa = PBXFileReference; lastKnownFileType = sourcecode.swift; path = LibraryViewController.swift; sourceTree = "<group>"; };
		E69B1EE52795D4CB001BFED7 /* AuthViewController.swift */ = {isa = PBXFileReference; lastKnownFileType = sourcecode.swift; path = AuthViewController.swift; sourceTree = "<group>"; };
		E69B1EE72795D4E3001BFED7 /* WelcomeViewController.swift */ = {isa = PBXFileReference; lastKnownFileType = sourcecode.swift; path = WelcomeViewController.swift; sourceTree = "<group>"; };
		E69B1EE92795D4F3001BFED7 /* SettingsViewController.swift */ = {isa = PBXFileReference; lastKnownFileType = sourcecode.swift; path = SettingsViewController.swift; sourceTree = "<group>"; };
		E69B1EEB2795D4FF001BFED7 /* ProfileViewController.swift */ = {isa = PBXFileReference; lastKnownFileType = sourcecode.swift; path = ProfileViewController.swift; sourceTree = "<group>"; };
		E69B1EED2795D505001BFED7 /* PlayerViewController.swift */ = {isa = PBXFileReference; lastKnownFileType = sourcecode.swift; path = PlayerViewController.swift; sourceTree = "<group>"; };
		E69B1EEF2795D50B001BFED7 /* PlaylistViewController.swift */ = {isa = PBXFileReference; lastKnownFileType = sourcecode.swift; path = PlaylistViewController.swift; sourceTree = "<group>"; };
		E69B1EF12795D54D001BFED7 /* SearchResultsViewController.swift */ = {isa = PBXFileReference; lastKnownFileType = sourcecode.swift; path = SearchResultsViewController.swift; sourceTree = "<group>"; };
		E69B1EF42795D571001BFED7 /* AuthManager.swift */ = {isa = PBXFileReference; lastKnownFileType = sourcecode.swift; path = AuthManager.swift; sourceTree = "<group>"; };
		E69B1EF62795D65D001BFED7 /* APICaller.swift */ = {isa = PBXFileReference; lastKnownFileType = sourcecode.swift; path = APICaller.swift; sourceTree = "<group>"; };
		E69B1EF82795D667001BFED7 /* HapticsManager.swift */ = {isa = PBXFileReference; lastKnownFileType = sourcecode.swift; path = HapticsManager.swift; sourceTree = "<group>"; };
		E69B1EFA2795D717001BFED7 /* Playlist.swift */ = {isa = PBXFileReference; lastKnownFileType = sourcecode.swift; path = Playlist.swift; sourceTree = "<group>"; };
		E69B1EFC2795D720001BFED7 /* AudioTrack.swift */ = {isa = PBXFileReference; lastKnownFileType = sourcecode.swift; path = AudioTrack.swift; sourceTree = "<group>"; };
		E69B1EFE2795D72D001BFED7 /* Artist.swift */ = {isa = PBXFileReference; lastKnownFileType = sourcecode.swift; path = Artist.swift; sourceTree = "<group>"; };
		E69B1F002795D734001BFED7 /* UserProfile.swift */ = {isa = PBXFileReference; lastKnownFileType = sourcecode.swift; path = UserProfile.swift; sourceTree = "<group>"; };
		E6A156EE27972D0900ADC47A /* NewReleasesResponse.swift */ = {isa = PBXFileReference; lastKnownFileType = sourcecode.swift; path = NewReleasesResponse.swift; sourceTree = "<group>"; };
		E6A156F027972EF000ADC47A /* APIImage.swift */ = {isa = PBXFileReference; lastKnownFileType = sourcecode.swift; path = APIImage.swift; sourceTree = "<group>"; };
		E6A156F22797311F00ADC47A /* FeaturedPlaylistsResponse.swift */ = {isa = PBXFileReference; lastKnownFileType = sourcecode.swift; path = FeaturedPlaylistsResponse.swift; sourceTree = "<group>"; };
		E6A156F4279734E800ADC47A /* AvalableGenreSeedsResponse.swift */ = {isa = PBXFileReference; lastKnownFileType = sourcecode.swift; path = AvalableGenreSeedsResponse.swift; sourceTree = "<group>"; };
		E6A156F62797389F00ADC47A /* RecommendationsRepsonse.swift */ = {isa = PBXFileReference; lastKnownFileType = sourcecode.swift; path = RecommendationsRepsonse.swift; sourceTree = "<group>"; };
		E6C5989427964DB8007A6321 /* AuthResponse.swift */ = {isa = PBXFileReference; lastKnownFileType = sourcecode.swift; path = AuthResponse.swift; sourceTree = "<group>"; };
		E6C5989627967017007A6321 /* SettingsModels.swift */ = {isa = PBXFileReference; lastKnownFileType = sourcecode.swift; path = SettingsModels.swift; sourceTree = "<group>"; };
/* End PBXFileReference section */

/* Begin PBXFrameworksBuildPhase section */
		E69B1EBD2795CF34001BFED7 /* Frameworks */ = {
			isa = PBXFrameworksBuildPhase;
			buildActionMask = 2147483647;
			files = (
				E6C5989A27968155007A6321 /* SDWebImage in Frameworks */,
			);
			runOnlyForDeploymentPostprocessing = 0;
		};
/* End PBXFrameworksBuildPhase section */

/* Begin PBXGroup section */
		E67D02B02797C6AC0067F27A /* Browse */ = {
			isa = PBXGroup;
			children = (
				E67D02B12797C6C20067F27A /* NewReleaseCollectionViewCell.swift */,
				E67D02B32797C6D90067F27A /* FeaturedPlaylistCollectionViewCell.swift */,
				E67D02B52797C6EC0067F27A /* RecommendedTrackCollectionViewCell.swift */,
			);
			path = Browse;
			sourceTree = "<group>";
		};
		E69B1EB72795CF34001BFED7 = {
			isa = PBXGroup;
			children = (
				E69B1EC22795CF34001BFED7 /* Spotify Clone */,
				E69B1EC12795CF34001BFED7 /* Products */,
			);
			sourceTree = "<group>";
		};
		E69B1EC12795CF34001BFED7 /* Products */ = {
			isa = PBXGroup;
			children = (
				E69B1EC02795CF34001BFED7 /* Spotify Clone.app */,
			);
			name = Products;
			sourceTree = "<group>";
		};
		E69B1EC22795CF34001BFED7 /* Spotify Clone */ = {
			isa = PBXGroup;
			children = (
				E69B1EDC2795CFFA001BFED7 /* Resources */,
				E69B1EF32795D557001BFED7 /* Managers */,
				E69B1EDB2795CFF7001BFED7 /* ViewModels */,
				E69B1EDA2795CFF4001BFED7 /* Models */,
				E69B1ED72795CFD6001BFED7 /* Views */,
				E69B1ED92795CFEC001BFED7 /* Controllers */,
				E69B1ED12795CF36001BFED7 /* Info.plist */,
			);
			path = "Spotify Clone";
			sourceTree = "<group>";
		};
		E69B1ED72795CFD6001BFED7 /* Views */ = {
			isa = PBXGroup;
			children = (
				E67D02B02797C6AC0067F27A /* Browse */,
				E69B1ECE2795CF36001BFED7 /* LaunchScreen.storyboard */,
			);
			path = Views;
			sourceTree = "<group>";
		};
		E69B1ED92795CFEC001BFED7 /* Controllers */ = {
			isa = PBXGroup;
			children = (
				E69B1EE42795D4BE001BFED7 /* Other */,
				E69B1EDF2795D49F001BFED7 /* Core */,
			);
			path = Controllers;
			sourceTree = "<group>";
		};
		E69B1EDA2795CFF4001BFED7 /* Models */ = {
			isa = PBXGroup;
			children = (
				E69B1EFA2795D717001BFED7 /* Playlist.swift */,
				E69B1EFC2795D720001BFED7 /* AudioTrack.swift */,
				E69B1EFE2795D72D001BFED7 /* Artist.swift */,
				E69B1F002795D734001BFED7 /* UserProfile.swift */,
				E6C5989427964DB8007A6321 /* AuthResponse.swift */,
				E6C5989627967017007A6321 /* SettingsModels.swift */,
				E6A156EE27972D0900ADC47A /* NewReleasesResponse.swift */,
				E6A156F027972EF000ADC47A /* APIImage.swift */,
				E6A156F22797311F00ADC47A /* FeaturedPlaylistsResponse.swift */,
				E6A156F4279734E800ADC47A /* AvalableGenreSeedsResponse.swift */,
				E6A156F62797389F00ADC47A /* RecommendationsRepsonse.swift */,
			);
			path = Models;
			sourceTree = "<group>";
		};
		E69B1EDB2795CFF7001BFED7 /* ViewModels */ = {
			isa = PBXGroup;
			children = (
				E67D02B72797CE880067F27A /* NewReleaseCellViewModel.swift */,
			);
			path = ViewModels;
			sourceTree = "<group>";
		};
		E69B1EDC2795CFFA001BFED7 /* Resources */ = {
			isa = PBXGroup;
			children = (
				E69B1EC32795CF34001BFED7 /* AppDelegate.swift */,
				E69B1ECC2795CF36001BFED7 /* Assets.xcassets */,
			);
			path = Resources;
			sourceTree = "<group>";
		};
		E69B1EDF2795D49F001BFED7 /* Core */ = {
			isa = PBXGroup;
			children = (
				E69B1EDD2795D3EF001BFED7 /* TabBarViewController.swift */,
				E69B1EC72795CF34001BFED7 /* HomeViewController.swift */,
				E69B1EE02795D4B2001BFED7 /* SearchViewController.swift */,
				E69B1EE22795D4BB001BFED7 /* LibraryViewController.swift */,
			);
			path = Core;
			sourceTree = "<group>";
		};
		E69B1EE42795D4BE001BFED7 /* Other */ = {
			isa = PBXGroup;
			children = (
				E69B1EE52795D4CB001BFED7 /* AuthViewController.swift */,
				E69B1EE72795D4E3001BFED7 /* WelcomeViewController.swift */,
				E69B1EE92795D4F3001BFED7 /* SettingsViewController.swift */,
				E69B1EEB2795D4FF001BFED7 /* ProfileViewController.swift */,
				E69B1EED2795D505001BFED7 /* PlayerViewController.swift */,
				E69B1EEF2795D50B001BFED7 /* PlaylistViewController.swift */,
				E69B1EF12795D54D001BFED7 /* SearchResultsViewController.swift */,
			);
			path = Other;
			sourceTree = "<group>";
		};
		E69B1EF32795D557001BFED7 /* Managers */ = {
			isa = PBXGroup;
			children = (
				E69B1EF42795D571001BFED7 /* AuthManager.swift */,
				E69B1EF62795D65D001BFED7 /* APICaller.swift */,
				E69B1EF82795D667001BFED7 /* HapticsManager.swift */,
			);
			path = Managers;
			sourceTree = "<group>";
		};
/* End PBXGroup section */

/* Begin PBXNativeTarget section */
		E69B1EBF2795CF34001BFED7 /* Spotify Clone */ = {
			isa = PBXNativeTarget;
			buildConfigurationList = E69B1ED42795CF36001BFED7 /* Build configuration list for PBXNativeTarget "Spotify Clone" */;
			buildPhases = (
				E69B1EBC2795CF34001BFED7 /* Sources */,
				E69B1EBD2795CF34001BFED7 /* Frameworks */,
				E69B1EBE2795CF34001BFED7 /* Resources */,
			);
			buildRules = (
			);
			dependencies = (
			);
			name = "Spotify Clone";
			packageProductDependencies = (
				E6C5989927968155007A6321 /* SDWebImage */,
			);
			productName = Spotify;
			productReference = E69B1EC02795CF34001BFED7 /* Spotify Clone.app */;
			productType = "com.apple.product-type.application";
		};
/* End PBXNativeTarget section */

/* Begin PBXProject section */
		E69B1EB82795CF34001BFED7 /* Project object */ = {
			isa = PBXProject;
			attributes = {
				BuildIndependentTargetsInParallel = 1;
				LastSwiftUpdateCheck = 1320;
				LastUpgradeCheck = 1320;
				TargetAttributes = {
					E69B1EBF2795CF34001BFED7 = {
						CreatedOnToolsVersion = 13.2.1;
					};
				};
			};
			buildConfigurationList = E69B1EBB2795CF34001BFED7 /* Build configuration list for PBXProject "Spotify Clone" */;
			compatibilityVersion = "Xcode 13.0";
			developmentRegion = en;
			hasScannedForEncodings = 0;
			knownRegions = (
				en,
				Base,
			);
			mainGroup = E69B1EB72795CF34001BFED7;
			packageReferences = (
				E6C5989827968154007A6321 /* XCRemoteSwiftPackageReference "SDWebImage" */,
			);
			productRefGroup = E69B1EC12795CF34001BFED7 /* Products */;
			projectDirPath = "";
			projectRoot = "";
			targets = (
				E69B1EBF2795CF34001BFED7 /* Spotify Clone */,
			);
		};
/* End PBXProject section */

/* Begin PBXResourcesBuildPhase section */
		E69B1EBE2795CF34001BFED7 /* Resources */ = {
			isa = PBXResourcesBuildPhase;
			buildActionMask = 2147483647;
			files = (
				E69B1ED02795CF36001BFED7 /* LaunchScreen.storyboard in Resources */,
				E69B1ECD2795CF36001BFED7 /* Assets.xcassets in Resources */,
			);
			runOnlyForDeploymentPostprocessing = 0;
		};
/* End PBXResourcesBuildPhase section */

/* Begin PBXSourcesBuildPhase section */
		E69B1EBC2795CF34001BFED7 /* Sources */ = {
			isa = PBXSourcesBuildPhase;
			buildActionMask = 2147483647;
			files = (
				E69B1EC82795CF34001BFED7 /* HomeViewController.swift in Sources */,
				E6A156F127972EF000ADC47A /* APIImage.swift in Sources */,
				E6C5989727967017007A6321 /* SettingsModels.swift in Sources */,
				E69B1EF22795D54D001BFED7 /* SearchResultsViewController.swift in Sources */,
				E69B1EE32795D4BB001BFED7 /* LibraryViewController.swift in Sources */,
				E69B1EF92795D667001BFED7 /* HapticsManager.swift in Sources */,
				E69B1EF72795D65D001BFED7 /* APICaller.swift in Sources */,
				E69B1EF52795D571001BFED7 /* AuthManager.swift in Sources */,
				E69B1EDE2795D3EF001BFED7 /* TabBarViewController.swift in Sources */,
				E69B1EFD2795D720001BFED7 /* AudioTrack.swift in Sources */,
				E67D02B62797C6EC0067F27A /* RecommendedTrackCollectionViewCell.swift in Sources */,
				E69B1EE12795D4B2001BFED7 /* SearchViewController.swift in Sources */,
				E69B1EE62795D4CB001BFED7 /* AuthViewController.swift in Sources */,
				E6A156EF27972D0900ADC47A /* NewReleasesResponse.swift in Sources */,
				E69B1EC42795CF34001BFED7 /* AppDelegate.swift in Sources */,
				E69B1EEC2795D4FF001BFED7 /* ProfileViewController.swift in Sources */,
				E69B1EFF2795D72D001BFED7 /* Artist.swift in Sources */,
				E69B1EFB2795D717001BFED7 /* Playlist.swift in Sources */,
				E69B1F012795D734001BFED7 /* UserProfile.swift in Sources */,
				E69B1EF02795D50B001BFED7 /* PlaylistViewController.swift in Sources */,
				E69B1EE82795D4E3001BFED7 /* WelcomeViewController.swift in Sources */,
				E67D02B42797C6D90067F27A /* FeaturedPlaylistCollectionViewCell.swift in Sources */,
				E69B1EEA2795D4F3001BFED7 /* SettingsViewController.swift in Sources */,
				E6C5989527964DB8007A6321 /* AuthResponse.swift in Sources */,
				E6A156F32797311F00ADC47A /* FeaturedPlaylistsResponse.swift in Sources */,
				E6A156F72797389F00ADC47A /* RecommendationsRepsonse.swift in Sources */,
				E69B1EEE2795D505001BFED7 /* PlayerViewController.swift in Sources */,
				E67D02B82797CE880067F27A /* NewReleaseCellViewModel.swift in Sources */,
				E67D02B22797C6C20067F27A /* NewReleaseCollectionViewCell.swift in Sources */,
				E6A156F5279734E800ADC47A /* AvalableGenreSeedsResponse.swift in Sources */,
			);
			runOnlyForDeploymentPostprocessing = 0;
		};
/* End PBXSourcesBuildPhase section */

/* Begin PBXVariantGroup section */
		E69B1ECE2795CF36001BFED7 /* LaunchScreen.storyboard */ = {
			isa = PBXVariantGroup;
			children = (
				E69B1ECF2795CF36001BFED7 /* Base */,
			);
			name = LaunchScreen.storyboard;
			sourceTree = "<group>";
		};
/* End PBXVariantGroup section */

/* Begin XCBuildConfiguration section */
		E69B1ED22795CF36001BFED7 /* Debug */ = {
			isa = XCBuildConfiguration;
			buildSettings = {
				ALWAYS_SEARCH_USER_PATHS = NO;
				CLANG_ANALYZER_NONNULL = YES;
				CLANG_ANALYZER_NUMBER_OBJECT_CONVERSION = YES_AGGRESSIVE;
				CLANG_CXX_LANGUAGE_STANDARD = "gnu++17";
				CLANG_CXX_LIBRARY = "libc++";
				CLANG_ENABLE_MODULES = YES;
				CLANG_ENABLE_OBJC_ARC = YES;
				CLANG_ENABLE_OBJC_WEAK = YES;
				CLANG_WARN_BLOCK_CAPTURE_AUTORELEASING = YES;
				CLANG_WARN_BOOL_CONVERSION = YES;
				CLANG_WARN_COMMA = YES;
				CLANG_WARN_CONSTANT_CONVERSION = YES;
				CLANG_WARN_DEPRECATED_OBJC_IMPLEMENTATIONS = YES;
				CLANG_WARN_DIRECT_OBJC_ISA_USAGE = YES_ERROR;
				CLANG_WARN_DOCUMENTATION_COMMENTS = YES;
				CLANG_WARN_EMPTY_BODY = YES;
				CLANG_WARN_ENUM_CONVERSION = YES;
				CLANG_WARN_INFINITE_RECURSION = YES;
				CLANG_WARN_INT_CONVERSION = YES;
				CLANG_WARN_NON_LITERAL_NULL_CONVERSION = YES;
				CLANG_WARN_OBJC_IMPLICIT_RETAIN_SELF = YES;
				CLANG_WARN_OBJC_LITERAL_CONVERSION = YES;
				CLANG_WARN_OBJC_ROOT_CLASS = YES_ERROR;
				CLANG_WARN_QUOTED_INCLUDE_IN_FRAMEWORK_HEADER = YES;
				CLANG_WARN_RANGE_LOOP_ANALYSIS = YES;
				CLANG_WARN_STRICT_PROTOTYPES = YES;
				CLANG_WARN_SUSPICIOUS_MOVE = YES;
				CLANG_WARN_UNGUARDED_AVAILABILITY = YES_AGGRESSIVE;
				CLANG_WARN_UNREACHABLE_CODE = YES;
				CLANG_WARN__DUPLICATE_METHOD_MATCH = YES;
				COPY_PHASE_STRIP = NO;
				DEBUG_INFORMATION_FORMAT = dwarf;
				ENABLE_STRICT_OBJC_MSGSEND = YES;
				ENABLE_TESTABILITY = YES;
				GCC_C_LANGUAGE_STANDARD = gnu11;
				GCC_DYNAMIC_NO_PIC = NO;
				GCC_NO_COMMON_BLOCKS = YES;
				GCC_OPTIMIZATION_LEVEL = 0;
				GCC_PREPROCESSOR_DEFINITIONS = (
					"DEBUG=1",
					"$(inherited)",
				);
				GCC_WARN_64_TO_32_BIT_CONVERSION = YES;
				GCC_WARN_ABOUT_RETURN_TYPE = YES_ERROR;
				GCC_WARN_UNDECLARED_SELECTOR = YES;
				GCC_WARN_UNINITIALIZED_AUTOS = YES_AGGRESSIVE;
				GCC_WARN_UNUSED_FUNCTION = YES;
				GCC_WARN_UNUSED_VARIABLE = YES;
				IPHONEOS_DEPLOYMENT_TARGET = 15.2;
				MTL_ENABLE_DEBUG_INFO = INCLUDE_SOURCE;
				MTL_FAST_MATH = YES;
				ONLY_ACTIVE_ARCH = YES;
				SDKROOT = iphoneos;
				SWIFT_ACTIVE_COMPILATION_CONDITIONS = DEBUG;
				SWIFT_OPTIMIZATION_LEVEL = "-Onone";
			};
			name = Debug;
		};
		E69B1ED32795CF36001BFED7 /* Release */ = {
			isa = XCBuildConfiguration;
			buildSettings = {
				ALWAYS_SEARCH_USER_PATHS = NO;
				CLANG_ANALYZER_NONNULL = YES;
				CLANG_ANALYZER_NUMBER_OBJECT_CONVERSION = YES_AGGRESSIVE;
				CLANG_CXX_LANGUAGE_STANDARD = "gnu++17";
				CLANG_CXX_LIBRARY = "libc++";
				CLANG_ENABLE_MODULES = YES;
				CLANG_ENABLE_OBJC_ARC = YES;
				CLANG_ENABLE_OBJC_WEAK = YES;
				CLANG_WARN_BLOCK_CAPTURE_AUTORELEASING = YES;
				CLANG_WARN_BOOL_CONVERSION = YES;
				CLANG_WARN_COMMA = YES;
				CLANG_WARN_CONSTANT_CONVERSION = YES;
				CLANG_WARN_DEPRECATED_OBJC_IMPLEMENTATIONS = YES;
				CLANG_WARN_DIRECT_OBJC_ISA_USAGE = YES_ERROR;
				CLANG_WARN_DOCUMENTATION_COMMENTS = YES;
				CLANG_WARN_EMPTY_BODY = YES;
				CLANG_WARN_ENUM_CONVERSION = YES;
				CLANG_WARN_INFINITE_RECURSION = YES;
				CLANG_WARN_INT_CONVERSION = YES;
				CLANG_WARN_NON_LITERAL_NULL_CONVERSION = YES;
				CLANG_WARN_OBJC_IMPLICIT_RETAIN_SELF = YES;
				CLANG_WARN_OBJC_LITERAL_CONVERSION = YES;
				CLANG_WARN_OBJC_ROOT_CLASS = YES_ERROR;
				CLANG_WARN_QUOTED_INCLUDE_IN_FRAMEWORK_HEADER = YES;
				CLANG_WARN_RANGE_LOOP_ANALYSIS = YES;
				CLANG_WARN_STRICT_PROTOTYPES = YES;
				CLANG_WARN_SUSPICIOUS_MOVE = YES;
				CLANG_WARN_UNGUARDED_AVAILABILITY = YES_AGGRESSIVE;
				CLANG_WARN_UNREACHABLE_CODE = YES;
				CLANG_WARN__DUPLICATE_METHOD_MATCH = YES;
				COPY_PHASE_STRIP = NO;
				DEBUG_INFORMATION_FORMAT = "dwarf-with-dsym";
				ENABLE_NS_ASSERTIONS = NO;
				ENABLE_STRICT_OBJC_MSGSEND = YES;
				GCC_C_LANGUAGE_STANDARD = gnu11;
				GCC_NO_COMMON_BLOCKS = YES;
				GCC_WARN_64_TO_32_BIT_CONVERSION = YES;
				GCC_WARN_ABOUT_RETURN_TYPE = YES_ERROR;
				GCC_WARN_UNDECLARED_SELECTOR = YES;
				GCC_WARN_UNINITIALIZED_AUTOS = YES_AGGRESSIVE;
				GCC_WARN_UNUSED_FUNCTION = YES;
				GCC_WARN_UNUSED_VARIABLE = YES;
				IPHONEOS_DEPLOYMENT_TARGET = 15.2;
				MTL_ENABLE_DEBUG_INFO = NO;
				MTL_FAST_MATH = YES;
				SDKROOT = iphoneos;
				SWIFT_COMPILATION_MODE = wholemodule;
				SWIFT_OPTIMIZATION_LEVEL = "-O";
				VALIDATE_PRODUCT = YES;
			};
			name = Release;
		};
		E69B1ED52795CF36001BFED7 /* Debug */ = {
			isa = XCBuildConfiguration;
			buildSettings = {
				ASSETCATALOG_COMPILER_APPICON_NAME = AppIcon;
				ASSETCATALOG_COMPILER_GLOBAL_ACCENT_COLOR_NAME = AccentColor;
				CODE_SIGN_STYLE = Automatic;
				CURRENT_PROJECT_VERSION = 1;
				GENERATE_INFOPLIST_FILE = YES;
				INFOPLIST_FILE = "Spotify Clone/Info.plist";
				INFOPLIST_KEY_UIApplicationSupportsIndirectInputEvents = YES;
				INFOPLIST_KEY_UILaunchStoryboardName = LaunchScreen;
				INFOPLIST_KEY_UISupportedInterfaceOrientations_iPad = "UIInterfaceOrientationPortrait UIInterfaceOrientationPortraitUpsideDown UIInterfaceOrientationLandscapeLeft UIInterfaceOrientationLandscapeRight";
				INFOPLIST_KEY_UISupportedInterfaceOrientations_iPhone = "UIInterfaceOrientationPortrait UIInterfaceOrientationLandscapeLeft UIInterfaceOrientationLandscapeRight";
				LD_RUNPATH_SEARCH_PATHS = (
					"$(inherited)",
					"@executable_path/Frameworks",
				);
				MARKETING_VERSION = 1.0;
				PRODUCT_BUNDLE_IDENTIFIER = lehoanganh.Spotify;
				PRODUCT_NAME = "$(TARGET_NAME)";
				SWIFT_EMIT_LOC_STRINGS = YES;
				SWIFT_VERSION = 5.0;
				TARGETED_DEVICE_FAMILY = "1,2";
			};
			name = Debug;
		};
		E69B1ED62795CF36001BFED7 /* Release */ = {
			isa = XCBuildConfiguration;
			buildSettings = {
				ASSETCATALOG_COMPILER_APPICON_NAME = AppIcon;
				ASSETCATALOG_COMPILER_GLOBAL_ACCENT_COLOR_NAME = AccentColor;
				CODE_SIGN_STYLE = Automatic;
				CURRENT_PROJECT_VERSION = 1;
				GENERATE_INFOPLIST_FILE = YES;
				INFOPLIST_FILE = "Spotify Clone/Info.plist";
				INFOPLIST_KEY_UIApplicationSupportsIndirectInputEvents = YES;
				INFOPLIST_KEY_UILaunchStoryboardName = LaunchScreen;
				INFOPLIST_KEY_UISupportedInterfaceOrientations_iPad = "UIInterfaceOrientationPortrait UIInterfaceOrientationPortraitUpsideDown UIInterfaceOrientationLandscapeLeft UIInterfaceOrientationLandscapeRight";
				INFOPLIST_KEY_UISupportedInterfaceOrientations_iPhone = "UIInterfaceOrientationPortrait UIInterfaceOrientationLandscapeLeft UIInterfaceOrientationLandscapeRight";
				LD_RUNPATH_SEARCH_PATHS = (
					"$(inherited)",
					"@executable_path/Frameworks",
				);
				MARKETING_VERSION = 1.0;
				PRODUCT_BUNDLE_IDENTIFIER = lehoanganh.Spotify;
				PRODUCT_NAME = "$(TARGET_NAME)";
				SWIFT_EMIT_LOC_STRINGS = YES;
				SWIFT_VERSION = 5.0;
				TARGETED_DEVICE_FAMILY = "1,2";
			};
			name = Release;
		};
/* End XCBuildConfiguration section */

/* Begin XCConfigurationList section */
		E69B1EBB2795CF34001BFED7 /* Build configuration list for PBXProject "Spotify Clone" */ = {
			isa = XCConfigurationList;
			buildConfigurations = (
				E69B1ED22795CF36001BFED7 /* Debug */,
				E69B1ED32795CF36001BFED7 /* Release */,
			);
			defaultConfigurationIsVisible = 0;
			defaultConfigurationName = Release;
		};
		E69B1ED42795CF36001BFED7 /* Build configuration list for PBXNativeTarget "Spotify Clone" */ = {
			isa = XCConfigurationList;
			buildConfigurations = (
				E69B1ED52795CF36001BFED7 /* Debug */,
				E69B1ED62795CF36001BFED7 /* Release */,
			);
			defaultConfigurationIsVisible = 0;
			defaultConfigurationName = Release;
		};
/* End XCConfigurationList section */

/* Begin XCRemoteSwiftPackageReference section */
		E6C5989827968154007A6321 /* XCRemoteSwiftPackageReference "SDWebImage" */ = {
			isa = XCRemoteSwiftPackageReference;
			repositoryURL = "https://github.com/SDWebImage/SDWebImage";
			requirement = {
				kind = upToNextMajorVersion;
				minimumVersion = 5.0.0;
			};
		};
/* End XCRemoteSwiftPackageReference section */

/* Begin XCSwiftPackageProductDependency section */
		E6C5989927968155007A6321 /* SDWebImage */ = {
			isa = XCSwiftPackageProductDependency;
			package = E6C5989827968154007A6321 /* XCRemoteSwiftPackageReference "SDWebImage" */;
			productName = SDWebImage;
		};
/* End XCSwiftPackageProductDependency section */
	};
	rootObject = E69B1EB82795CF34001BFED7 /* Project object */;
}
